
Microsoft Visual Studio Solution File, Format Version 12.00
# Visual Studio Version 17
VisualStudioVersion = 17.4.33213.308
MinimumVisualStudioVersion = 10.0.40219.1
Project("{9A19103F-16F7-4668-BE54-9A1E7A4F7556}") = "Sdk4me.GraphQL", "Sdk4me.GraphQL\Sdk4me.GraphQL.csproj", "{31F6309D-00B9-4166-B2A8-65C097D17A65}"
EndProject
Project("{2150E333-8FDC-42A3-9474-1A3956D46DE8}") = "Solution Items", "Solution Items", "{7676E26F-E81E-4259-9EF0-3316775C06CC}"
	ProjectSection(SolutionItems) = preProject
		.editorconfig = .editorconfig
	EndProjectSection
EndProject
Project("{FAE04EC0-301F-11D3-BF4B-00C04F79EFBC}") = "Sdk4me.GraphQL.Tests", "Sdk4me.GraphQL.Tests\Sdk4me.GraphQL.Tests.csproj", "{7E0A26CB-F5F1-4069-A9F1-9E33F104664D}"
EndProject
Global
	GlobalSection(SolutionConfigurationPlatforms) = preSolution
		Debug|Any CPU = Debug|Any CPU
		Release|Any CPU = Release|Any CPU
	EndGlobalSection
	GlobalSection(ProjectConfigurationPlatforms) = postSolution
		{31F6309D-00B9-4166-B2A8-65C097D17A65}.Debug|Any CPU.ActiveCfg = Debug|Any CPU
		{31F6309D-00B9-4166-B2A8-65C097D17A65}.Debug|Any CPU.Build.0 = Debug|Any CPU
		{31F6309D-00B9-4166-B2A8-65C097D17A65}.Release|Any CPU.ActiveCfg = Release|Any CPU
		{31F6309D-00B9-4166-B2A8-65C097D17A65}.Release|Any CPU.Build.0 = Release|Any CPU
		{7E0A26CB-F5F1-4069-A9F1-9E33F104664D}.Debug|Any CPU.ActiveCfg = Debug|Any CPU
		{7E0A26CB-F5F1-4069-A9F1-9E33F104664D}.Debug|Any CPU.Build.0 = Debug|Any CPU
		{7E0A26CB-F5F1-4069-A9F1-9E33F104664D}.Release|Any CPU.ActiveCfg = Release|Any CPU
		{7E0A26CB-F5F1-4069-A9F1-9E33F104664D}.Release|Any CPU.Build.0 = Release|Any CPU
	EndGlobalSection
	GlobalSection(SolutionProperties) = preSolution
		HideSolutionNode = FALSE
	EndGlobalSection
	GlobalSection(ExtensibilityGlobals) = postSolution
		SolutionGuid = {6D924980-4A96-4E02-A681-746B182D5E01}
	EndGlobalSection
EndGlobal
